
Microsoft Visual Studio Solution File, Format Version 12.00
# Visual Studio Version 17
VisualStudioVersion = 17.7.34202.233
MinimumVisualStudioVersion = 10.0.40219.1
Project("{FAE04EC0-301F-11D3-BF4B-00C04F79EFBC}") = "NewDocker", "NewDocker.csproj", "{FDAC3766-2E98-4B70-8642-CED5FAB1AA47}"
EndProject
Global
	GlobalSection(SolutionConfigurationPlatforms) = preSolution
		Debug|Any CPU = Debug|Any CPU
		Release|Any CPU = Release|Any CPU
	EndGlobalSection
	GlobalSection(ProjectConfigurationPlatforms) = postSolution
		{FDAC3766-2E98-4B70-8642-CED5FAB1AA47}.Debug|Any CPU.ActiveCfg = Debug|Any CPU
		{FDAC3766-2E98-4B70-8642-CED5FAB1AA47}.Debug|Any CPU.Build.0 = Debug|Any CPU
		{FDAC3766-2E98-4B70-8642-CED5FAB1AA47}.Release|Any CPU.ActiveCfg = Release|Any CPU
		{FDAC3766-2E98-4B70-8642-CED5FAB1AA47}.Release|Any CPU.Build.0 = Release|Any CPU
	EndGlobalSection
	GlobalSection(SolutionProperties) = preSolution
		HideSolutionNode = FALSE
	EndGlobalSection
	GlobalSection(ExtensibilityGlobals) = postSolution
		SolutionGuid = {322E5DF2-4C7A-4A8B-A87B-8A778F385311}
	EndGlobalSection
EndGlobal
